Microsoft Visual Studio Solution File, Format Version 12.00
# Visual Studio Version 16
VisualStudioVersion = 16.0.30011.22
MinimumVisualStudioVersion = 10.0.40219.1
Project("{FAE04EC0-301F-11D3-BF4B-00C04F79EFBC}") = "VSModLauncher", "VSModLauncher.csproj", "{203DFBF1-3599-43FD-8487-E1C79C2B788F}"
	ProjectSection(ProjectDependencies) = postProject
		{4E5393C2-E0A7-41DD-96B3-19211D33FD56} = {4E5393C2-E0A7-41DD-96B3-19211D33FD56}
		{7CFFB281-9548-44B4-8969-3F32E74CA96B} = {7CFFB281-9548-44B4-8969-3F32E74CA96B}
		{B21CCD46-8D92-43AA-A676-DFA4FEB84BCE} = {B21CCD46-8D92-43AA-A676-DFA4FEB84BCE}
		{567FF7CF-3509-410B-A9DE-25394CB77BCD} = {567FF7CF-3509-410B-A9DE-25394CB77BCD}
		{8C220E59-61E6-4FE4-9F7F-B296C6D7D741} = {8C220E59-61E6-4FE4-9F7F-B296C6D7D741}
		{9FDDC15A-1A07-4C81-8108-D5C1AE7B751E} = {9FDDC15A-1A07-4C81-8108-D5C1AE7B751E}
		{5BA31455-9604-495D-B036-47EB4E866BE0} = {5BA31455-9604-495D-B036-47EB4E866BE0}
		{D44AD856-3962-4940-8AC1-B2F8064D8671} = {D44AD856-3962-4940-8AC1-B2F8064D8671}
		{59A2ECF8-10C7-4983-9020-5B55C1493585} = {59A2ECF8-10C7-4983-9020-5B55C1493585}
	EndProjectSection
EndProject
Project("{FAE04EC0-301F-11D3-BF4B-00C04F79EFBC}") = "theneighbours", "mods\theneighbours\theneighbours.csproj", "{4E5393C2-E0A7-41DD-96B3-19211D33FD56}"
EndProject
Project("{FAE04EC0-301F-11D3-BF4B-00C04F79EFBC}") = "fancydoors", "mods\fancydoors\fancydoors.csproj", "{7CFFB281-9548-44B4-8969-3F32E74CA96B}"
EndProject
Project("{FAE04EC0-301F-11D3-BF4B-00C04F79EFBC}") = "survivalcats", "mods\survivalcats\survivalcats.csproj", "{529E5C60-D29E-494D-91D0-29945C5278C6}"
EndProject
Project("{FAE04EC0-301F-11D3-BF4B-00C04F79EFBC}") = "tastydays", "mods\tastydays\tastydays.csproj", "{B21CCD46-8D92-43AA-A676-DFA4FEB84BCE}"
EndProject
Project("{FAE04EC0-301F-11D3-BF4B-00C04F79EFBC}") = "cavepaintings", "mods\cavepaintings\cavepaintings.csproj", "{567FF7CF-3509-410B-A9DE-25394CB77BCD}"
EndProject
Project("{FAE04EC0-301F-11D3-BF4B-00C04F79EFBC}") = "xmastime", "mods\xmastime\xmastime.csproj", "{8C220E59-61E6-4FE4-9F7F-B296C6D7D741}"
EndProject
Project("{FAE04EC0-301F-11D3-BF4B-00C04F79EFBC}") = "zeekea", "mods\zeekea\zeekea.csproj", "{9FDDC15A-1A07-4C81-8108-D5C1AE7B751E}"
EndProject
Project("{FAE04EC0-301F-11D3-BF4B-00C04F79EFBC}") = "tradeomat", "mods\tradeomat\tradeomat.csproj", "{5BA31455-9604-495D-B036-47EB4E866BE0}"
EndProject
Project("{FAE04EC0-301F-11D3-BF4B-00C04F79EFBC}") = "necessaries", "mods\necessaries\necessaries.csproj", "{D44AD856-3962-4940-8AC1-B2F8064D8671}"
EndProject
Project("{FAE04EC0-301F-11D3-BF4B-00C04F79EFBC}") = "streamdc", "mods\streamdc\streamdc.csproj", "{59A2ECF8-10C7-4983-9020-5B55C1493585}"
EndProject
Global
	GlobalSection(SolutionConfigurationPlatforms) = preSolution
		Debug|Any CPU = Debug|Any CPU
		Release x64|Any CPU = Release x64|Any CPU
		Release|Any CPU = Release|Any CPU
	EndGlobalSection
	GlobalSection(ProjectConfigurationPlatforms) = postSolution
		{203DFBF1-3599-43FD-8487-E1C79C2B788F}.Debug|Any CPU.ActiveCfg = Debug|Any CPU
		{203DFBF1-3599-43FD-8487-E1C79C2B788F}.Debug|Any CPU.Build.0 = Debug|Any CPU
		{203DFBF1-3599-43FD-8487-E1C79C2B788F}.Release x64|Any CPU.ActiveCfg = Release|Any CPU
		{203DFBF1-3599-43FD-8487-E1C79C2B788F}.Release x64|Any CPU.Build.0 = Release|Any CPU
		{203DFBF1-3599-43FD-8487-E1C79C2B788F}.Release|Any CPU.ActiveCfg = Release|Any CPU
		{203DFBF1-3599-43FD-8487-E1C79C2B788F}.Release|Any CPU.Build.0 = Release|Any CPU
		{4E5393C2-E0A7-41DD-96B3-19211D33FD56}.Debug|Any CPU.ActiveCfg = Debug|Any CPU
		{4E5393C2-E0A7-41DD-96B3-19211D33FD56}.Debug|Any CPU.Build.0 = Debug|Any CPU
		{4E5393C2-E0A7-41DD-96B3-19211D33FD56}.Release x64|Any CPU.ActiveCfg = Release|Any CPU
		{4E5393C2-E0A7-41DD-96B3-19211D33FD56}.Release x64|Any CPU.Build.0 = Release|Any CPU
		{4E5393C2-E0A7-41DD-96B3-19211D33FD56}.Release|Any CPU.ActiveCfg = Release|Any CPU
		{4E5393C2-E0A7-41DD-96B3-19211D33FD56}.Release|Any CPU.Build.0 = Release|Any CPU
		{7CFFB281-9548-44B4-8969-3F32E74CA96B}.Debug|Any CPU.ActiveCfg = Debug|Any CPU
		{7CFFB281-9548-44B4-8969-3F32E74CA96B}.Debug|Any CPU.Build.0 = Debug|Any CPU
		{7CFFB281-9548-44B4-8969-3F32E74CA96B}.Release x64|Any CPU.ActiveCfg = Release|Any CPU
		{7CFFB281-9548-44B4-8969-3F32E74CA96B}.Release x64|Any CPU.Build.0 = Release|Any CPU
		{7CFFB281-9548-44B4-8969-3F32E74CA96B}.Release|Any CPU.ActiveCfg = Release|Any CPU
		{7CFFB281-9548-44B4-8969-3F32E74CA96B}.Release|Any CPU.Build.0 = Release|Any CPU
		{529E5C60-D29E-494D-91D0-29945C5278C6}.Debug|Any CPU.ActiveCfg = Debug|Any CPU
		{529E5C60-D29E-494D-91D0-29945C5278C6}.Debug|Any CPU.Build.0 = Debug|Any CPU
		{529E5C60-D29E-494D-91D0-29945C5278C6}.Release x64|Any CPU.ActiveCfg = Release|Any CPU
		{529E5C60-D29E-494D-91D0-29945C5278C6}.Release x64|Any CPU.Build.0 = Release|Any CPU
		{529E5C60-D29E-494D-91D0-29945C5278C6}.Release|Any CPU.ActiveCfg = Release|Any CPU
		{529E5C60-D29E-494D-91D0-29945C5278C6}.Release|Any CPU.Build.0 = Release|Any CPU
		{B21CCD46-8D92-43AA-A676-DFA4FEB84BCE}.Debug|Any CPU.ActiveCfg = Debug|Any CPU
		{B21CCD46-8D92-43AA-A676-DFA4FEB84BCE}.Debug|Any CPU.Build.0 = Debug|Any CPU
		{B21CCD46-8D92-43AA-A676-DFA4FEB84BCE}.Release x64|Any CPU.ActiveCfg = Release|Any CPU
		{B21CCD46-8D92-43AA-A676-DFA4FEB84BCE}.Release x64|Any CPU.Build.0 = Release|Any CPU
		{B21CCD46-8D92-43AA-A676-DFA4FEB84BCE}.Release|Any CPU.ActiveCfg = Release|Any CPU
		{B21CCD46-8D92-43AA-A676-DFA4FEB84BCE}.Release|Any CPU.Build.0 = Release|Any CPU
		{567FF7CF-3509-410B-A9DE-25394CB77BCD}.Debug|Any CPU.ActiveCfg = Debug|Any CPU
		{567FF7CF-3509-410B-A9DE-25394CB77BCD}.Debug|Any CPU.Build.0 = Debug|Any CPU
		{567FF7CF-3509-410B-A9DE-25394CB77BCD}.Release x64|Any CPU.ActiveCfg = Release|Any CPU
		{567FF7CF-3509-410B-A9DE-25394CB77BCD}.Release x64|Any CPU.Build.0 = Release|Any CPU
		{567FF7CF-3509-410B-A9DE-25394CB77BCD}.Release|Any CPU.ActiveCfg = Release|Any CPU
		{567FF7CF-3509-410B-A9DE-25394CB77BCD}.Release|Any CPU.Build.0 = Release|Any CPU
		{8C220E59-61E6-4FE4-9F7F-B296C6D7D741}.Debug|Any CPU.ActiveCfg = Debug|Any CPU
		{8C220E59-61E6-4FE4-9F7F-B296C6D7D741}.Debug|Any CPU.Build.0 = Debug|Any CPU
		{8C220E59-61E6-4FE4-9F7F-B296C6D7D741}.Release x64|Any CPU.ActiveCfg = Release|Any CPU
		{8C220E59-61E6-4FE4-9F7F-B296C6D7D741}.Release x64|Any CPU.Build.0 = Release|Any CPU
		{8C220E59-61E6-4FE4-9F7F-B296C6D7D741}.Release|Any CPU.ActiveCfg = Release|Any CPU
		{8C220E59-61E6-4FE4-9F7F-B296C6D7D741}.Release|Any CPU.Build.0 = Release|Any CPU
		{9FDDC15A-1A07-4C81-8108-D5C1AE7B751E}.Debug|Any CPU.ActiveCfg = Debug|Any CPU
		{9FDDC15A-1A07-4C81-8108-D5C1AE7B751E}.Debug|Any CPU.Build.0 = Debug|Any CPU
		{9FDDC15A-1A07-4C81-8108-D5C1AE7B751E}.Release x64|Any CPU.ActiveCfg = Release|Any CPU
		{9FDDC15A-1A07-4C81-8108-D5C1AE7B751E}.Release x64|Any CPU.Build.0 = Release|Any CPU
		{9FDDC15A-1A07-4C81-8108-D5C1AE7B751E}.Release|Any CPU.ActiveCfg = Release|Any CPU
		{9FDDC15A-1A07-4C81-8108-D5C1AE7B751E}.Release|Any CPU.Build.0 = Release|Any CPU
		{5BA31455-9604-495D-B036-47EB4E866BE0}.Debug|Any CPU.ActiveCfg = Debug|Any CPU
		{5BA31455-9604-495D-B036-47EB4E866BE0}.Debug|Any CPU.Build.0 = Debug|Any CPU
		{5BA31455-9604-495D-B036-47EB4E866BE0}.Release x64|Any CPU.ActiveCfg = Release|Any CPU
		{5BA31455-9604-495D-B036-47EB4E866BE0}.Release x64|Any CPU.Build.0 = Release|Any CPU
		{5BA31455-9604-495D-B036-47EB4E866BE0}.Release|Any CPU.ActiveCfg = Release|Any CPU
		{5BA31455-9604-495D-B036-47EB4E866BE0}.Release|Any CPU.Build.0 = Release|Any CPU
		{D44AD856-3962-4940-8AC1-B2F8064D8671}.Debug|Any CPU.ActiveCfg = Debug|Any CPU
		{D44AD856-3962-4940-8AC1-B2F8064D8671}.Debug|Any CPU.Build.0 = Debug|Any CPU
		{D44AD856-3962-4940-8AC1-B2F8064D8671}.Release x64|Any CPU.ActiveCfg = Release|Any CPU
		{D44AD856-3962-4940-8AC1-B2F8064D8671}.Release x64|Any CPU.Build.0 = Release|Any CPU
		{D44AD856-3962-4940-8AC1-B2F8064D8671}.Release|Any CPU.ActiveCfg = Release|Any CPU
		{D44AD856-3962-4940-8AC1-B2F8064D8671}.Release|Any CPU.Build.0 = Release|Any CPU
		{59A2ECF8-10C7-4983-9020-5B55C1493585}.Debug|Any CPU.ActiveCfg = Debug|Any CPU
		{59A2ECF8-10C7-4983-9020-5B55C1493585}.Debug|Any CPU.Build.0 = Debug|Any CPU
		{59A2ECF8-10C7-4983-9020-5B55C1493585}.Release x64|Any CPU.ActiveCfg = Release|Any CPU
		{59A2ECF8-10C7-4983-9020-5B55C1493585}.Release x64|Any CPU.Build.0 = Release|Any CPU
		{59A2ECF8-10C7-4983-9020-5B55C1493585}.Release|Any CPU.ActiveCfg = Release|Any CPU
		{59A2ECF8-10C7-4983-9020-5B55C1493585}.Release|Any CPU.Build.0 = Release|Any CPU
	EndGlobalSection
	GlobalSection(SolutionProperties) = preSolution
		HideSolutionNode = FALSE
	EndGlobalSection
	GlobalSection(ExtensibilityGlobals) = postSolution
		SolutionGuid = {26630D08-373A-4935-AEEC-2864013A5F5B}
	EndGlobalSection
EndGlobal
